
Microsoft Visual Studio Solution File, Format Version 12.00
# Visual Studio Version 17
VisualStudioVersion = 17.11.35222.181
MinimumVisualStudioVersion = 10.0.40219.1
Project("{FAE04EC0-301F-11D3-BF4B-00C04F79EFBC}") = "TeachCodIT", "TeachCodIT\TeachCodIT.csproj", "{17EBA661-313A-46F7-911D-259D11FF6533}"
EndProject
Global
	GlobalSection(SolutionConfigurationPlatforms) = preSolution
		Debug|Any CPU = Debug|Any CPU
		Release|Any CPU = Release|Any CPU
	EndGlobalSection
	GlobalSection(ProjectConfigurationPlatforms) = postSolution
		{17EBA661-313A-46F7-911D-259D11FF6533}.Debug|Any CPU.ActiveCfg = Debug|Any CPU
		{17EBA661-313A-46F7-911D-259D11FF6533}.Debug|Any CPU.Build.0 = Debug|Any CPU
		{17EBA661-313A-46F7-911D-259D11FF6533}.Release|Any CPU.ActiveCfg = Release|Any CPU
		{17EBA661-313A-46F7-911D-259D11FF6533}.Release|Any CPU.Build.0 = Release|Any CPU
	EndGlobalSection
	GlobalSection(SolutionProperties) = preSolution
		HideSolutionNode = FALSE
	EndGlobalSection
	GlobalSection(ExtensibilityGlobals) = postSolution
		SolutionGuid = {D269F587-2E67-4172-81D5-899B709067A2}
	EndGlobalSection
EndGlobal
